
Microsoft Visual Studio Solution File, Format Version 12.00
# Visual Studio Version 17
VisualStudioVersion = 17.11.35222.181
MinimumVisualStudioVersion = 10.0.40219.1
Project("{888888A0-9F3D-457C-B088-3A5042F75D52}") = "FinalCategoryOne", "FinalCategoryOne.pyproj", "{DEA229D6-3EAB-4578-9D91-68E1D200DF7A}"
EndProject
Global
	GlobalSection(SolutionConfigurationPlatforms) = preSolution
		Debug|Any CPU = Debug|Any CPU
		Release|Any CPU = Release|Any CPU
	EndGlobalSection
	GlobalSection(ProjectConfigurationPlatforms) = postSolution
		{DEA229D6-3EAB-4578-9D91-68E1D200DF7A}.Debug|Any CPU.ActiveCfg = Debug|Any CPU
		{DEA229D6-3EAB-4578-9D91-68E1D200DF7A}.Release|Any CPU.ActiveCfg = Release|Any CPU
	EndGlobalSection
	GlobalSection(SolutionProperties) = preSolution
		HideSolutionNode = FALSE
	EndGlobalSection
	GlobalSection(ExtensibilityGlobals) = postSolution
		SolutionGuid = {2D385342-C422-4D29-AA36-8DFC6D3200A7}
	EndGlobalSection
EndGlobal
